
Microsoft Visual Studio Solution File, Format Version 12.00
# Visual Studio Version 16
VisualStudioVersion = 16.0.30320.27
MinimumVisualStudioVersion = 10.0.40219.1
Project("{FAE04EC0-301F-11D3-BF4B-00C04F79EFBC}") = "Projekt-IO-Kalkulator", "Projekt-IO-Kalkulator.csproj", "{ECD850CD-FF97-4646-A077-863752367D5C}"
EndProject
Project("{FAE04EC0-301F-11D3-BF4B-00C04F79EFBC}") = "Kalkulator-Serwer", "..\Kalkulator-Serwer\Kalkulator-Serwer.csproj", "{8CAF27E3-AA27-447A-B436-81FA57DAC1C5}"
EndProject
Global
	GlobalSection(SolutionConfigurationPlatforms) = preSolution
		Debug|Any CPU = Debug|Any CPU
		Release|Any CPU = Release|Any CPU
	EndGlobalSection
	GlobalSection(ProjectConfigurationPlatforms) = postSolution
		{ECD850CD-FF97-4646-A077-863752367D5C}.Debug|Any CPU.ActiveCfg = Debug|Any CPU
		{ECD850CD-FF97-4646-A077-863752367D5C}.Debug|Any CPU.Build.0 = Debug|Any CPU
		{ECD850CD-FF97-4646-A077-863752367D5C}.Release|Any CPU.ActiveCfg = Release|Any CPU
		{ECD850CD-FF97-4646-A077-863752367D5C}.Release|Any CPU.Build.0 = Release|Any CPU
		{8CAF27E3-AA27-447A-B436-81FA57DAC1C5}.Debug|Any CPU.ActiveCfg = Debug|Any CPU
		{8CAF27E3-AA27-447A-B436-81FA57DAC1C5}.Debug|Any CPU.Build.0 = Debug|Any CPU
		{8CAF27E3-AA27-447A-B436-81FA57DAC1C5}.Release|Any CPU.ActiveCfg = Release|Any CPU
		{8CAF27E3-AA27-447A-B436-81FA57DAC1C5}.Release|Any CPU.Build.0 = Release|Any CPU
	EndGlobalSection
	GlobalSection(SolutionProperties) = preSolution
		HideSolutionNode = FALSE
	EndGlobalSection
	GlobalSection(ExtensibilityGlobals) = postSolution
		SolutionGuid = {FCD403C9-6572-4874-BDB1-5819FF4CF165}
	EndGlobalSection
EndGlobal
